
Microsoft Visual Studio Solution File, Format Version 12.00
# Visual Studio Version 17
VisualStudioVersion = 17.6.33617.297
MinimumVisualStudioVersion = 10.0.40219.1
Project("{8BC9CEB8-8B4A-11D0-8D11-00A0C91BC942}") = "01_WindowsApp", "01_WindowsApp\01_WindowsApp.vcxproj", "{187BFA5C-6BB1-4D14-8045-CB841EBC703A}"
EndProject
Project("{8BC9CEB8-8B4A-11D0-8D11-00A0C91BC942}") = "02_D3D11App", "02_D3D11App\02_D3D11App.vcxproj", "{5AF65130-924F-452F-BC80-6671E342584F}"
EndProject
Project("{8BC9CEB8-8B4A-11D0-8D11-00A0C91BC942}") = "03_BackBufferApp", "03_BackBufferApp\03_BackBufferApp.vcxproj", "{EA3DACB6-A16E-4C9D-8E35-8F53DC0E6F03}"
EndProject
Global
	GlobalSection(SolutionConfigurationPlatforms) = preSolution
		Debug|x64 = Debug|x64
		Debug|x86 = Debug|x86
		Release|x64 = Release|x64
		Release|x86 = Release|x86
	EndGlobalSection
	GlobalSection(ProjectConfigurationPlatforms) = postSolution
		{187BFA5C-6BB1-4D14-8045-CB841EBC703A}.Debug|x64.ActiveCfg = Debug|x64
		{187BFA5C-6BB1-4D14-8045-CB841EBC703A}.Debug|x64.Build.0 = Debug|x64
		{187BFA5C-6BB1-4D14-8045-CB841EBC703A}.Debug|x86.ActiveCfg = Debug|Win32
		{187BFA5C-6BB1-4D14-8045-CB841EBC703A}.Debug|x86.Build.0 = Debug|Win32
		{187BFA5C-6BB1-4D14-8045-CB841EBC703A}.Release|x64.ActiveCfg = Release|x64
		{187BFA5C-6BB1-4D14-8045-CB841EBC703A}.Release|x64.Build.0 = Release|x64
		{187BFA5C-6BB1-4D14-8045-CB841EBC703A}.Release|x86.ActiveCfg = Release|Win32
		{187BFA5C-6BB1-4D14-8045-CB841EBC703A}.Release|x86.Build.0 = Release|Win32
		{5AF65130-924F-452F-BC80-6671E342584F}.Debug|x64.ActiveCfg = Debug|x64
		{5AF65130-924F-452F-BC80-6671E342584F}.Debug|x64.Build.0 = Debug|x64
		{5AF65130-924F-452F-BC80-6671E342584F}.Debug|x86.ActiveCfg = Debug|Win32
		{5AF65130-924F-452F-BC80-6671E342584F}.Debug|x86.Build.0 = Debug|Win32
		{5AF65130-924F-452F-BC80-6671E342584F}.Release|x64.ActiveCfg = Release|x64
		{5AF65130-924F-452F-BC80-6671E342584F}.Release|x64.Build.0 = Release|x64
		{5AF65130-924F-452F-BC80-6671E342584F}.Release|x86.ActiveCfg = Release|Win32
		{5AF65130-924F-452F-BC80-6671E342584F}.Release|x86.Build.0 = Release|Win32
		{EA3DACB6-A16E-4C9D-8E35-8F53DC0E6F03}.Debug|x64.ActiveCfg = Debug|x64
		{EA3DACB6-A16E-4C9D-8E35-8F53DC0E6F03}.Debug|x64.Build.0 = Debug|x64
		{EA3DACB6-A16E-4C9D-8E35-8F53DC0E6F03}.Debug|x86.ActiveCfg = Debug|Win32
		{EA3DACB6-A16E-4C9D-8E35-8F53DC0E6F03}.Debug|x86.Build.0 = Debug|Win32
		{EA3DACB6-A16E-4C9D-8E35-8F53DC0E6F03}.Release|x64.ActiveCfg = Release|x64
		{EA3DACB6-A16E-4C9D-8E35-8F53DC0E6F03}.Release|x64.Build.0 = Release|x64
		{EA3DACB6-A16E-4C9D-8E35-8F53DC0E6F03}.Release|x86.ActiveCfg = Release|Win32
		{EA3DACB6-A16E-4C9D-8E35-8F53DC0E6F03}.Release|x86.Build.0 = Release|Win32
	EndGlobalSection
	GlobalSection(SolutionProperties) = preSolution
		HideSolutionNode = FALSE
	EndGlobalSection
	GlobalSection(ExtensibilityGlobals) = postSolution
		SolutionGuid = {63BC09ED-B575-44E3-82F3-B6C0059390B4}
	EndGlobalSection
EndGlobal
