<?xml version="1.0" encoding="utf-8"?>
<Project ToolsVersion="4.0" xmlns="http://schemas.microsoft.com/developer/msbuild/2003">
  <ItemGroup>
    <ClCompile Include="06_Cleanup.cpp" />
    <ClCompile Include="UserInterface.cpp" />
    <ClCompile Include="Cube.cpp">
      <Filter>renderables</Filter>
    </ClCompile>
    <ClCompile Include="Grid.cpp">
      <Filter>renderables</Filter>
    </ClCompile>
    <ClCompile Include="OrbitCamera.cpp">
      <Filter>camera</Filter>
    </ClCompile>
    <ClCompile Include="Renderable.cpp">
      <Filter>renderables</Filter>
    </ClCompile>
    <ClCompile Include="GraphicsDX11.cpp">
      <Filter>graphics</Filter>
    </ClCompile>
    <ClCompile Include="ResourceManager.cpp">
      <Filter>graphics</Filter>
    </ClCompile>
    <ClCompile Include="Shader.cpp">
      <Filter>graphics</Filter>
    </ClCompile>
    <ClCompile Include="pch.cpp">
      <Filter>OS</Filter>
    </ClCompile>
    <ClCompile Include="..\extern\imgui\imgui.cpp">
      <Filter>imgui</Filter>
    </ClCompile>
    <ClCompile Include="..\extern\imgui\imgui_draw.cpp">
      <Filter>imgui</Filter>
    </ClCompile>
    <ClCompile Include="..\extern\imgui\imgui_impl_dx11.cpp">
      <Filter>imgui</Filter>
    </ClCompile>
    <ClCompile Include="..\extern\imgui\imgui_impl_win32.cpp">
      <Filter>imgui</Filter>
    </ClCompile>
    <ClCompile Include="..\extern\imgui\imgui_tables.cpp">
      <Filter>imgui</Filter>
    </ClCompile>
    <ClCompile Include="..\extern\imgui\imgui_widgets.cpp">
      <Filter>imgui</Filter>
    </ClCompile>
  </ItemGroup>
  <ItemGroup>
    <ClInclude Include="framework.h" />
    <ClInclude Include="Game.h" />
    <ClInclude Include="mathutils.h" />
    <ClInclude Include="UserInterface.h" />
    <ClInclude Include="utils.h" />
    <ClInclude Include="..\extern\imgui\imconfig.h">
      <Filter>imgui</Filter>
    </ClInclude>
    <ClInclude Include="..\extern\imgui\imgui.h">
      <Filter>imgui</Filter>
    </ClInclude>
    <ClInclude Include="..\extern\imgui\imgui_impl_dx11.h">
      <Filter>imgui</Filter>
    </ClInclude>
    <ClInclude Include="..\extern\imgui\imgui_impl_win32.h">
      <Filter>imgui</Filter>
    </ClInclude>
    <ClInclude Include="..\extern\imgui\imgui_internal.h">
      <Filter>imgui</Filter>
    </ClInclude>
    <ClInclude Include="..\extern\imgui\imstb_rectpack.h">
      <Filter>imgui</Filter>
    </ClInclude>
    <ClInclude Include="..\extern\imgui\imstb_textedit.h">
      <Filter>imgui</Filter>
    </ClInclude>
    <ClInclude Include="..\extern\imgui\imstb_truetype.h">
      <Filter>imgui</Filter>
    </ClInclude>
    <ClInclude Include="Cube.h">
      <Filter>renderables</Filter>
    </ClInclude>
    <ClInclude Include="Grid.h">
      <Filter>renderables</Filter>
    </ClInclude>
    <ClInclude Include="OrbitCamera.h">
      <Filter>camera</Filter>
    </ClInclude>
    <ClInclude Include="Renderable.h">
      <Filter>renderables</Filter>
    </ClInclude>
    <ClInclude Include="GraphicsDX11.h">
      <Filter>graphics</Filter>
    </ClInclude>
    <ClInclude Include="ResourceManager.h">
      <Filter>graphics</Filter>
    </ClInclude>
    <ClInclude Include="Shader.h">
      <Filter>graphics</Filter>
    </ClInclude>
    <ClInclude Include="targetver.h">
      <Filter>OS</Filter>
    </ClInclude>
    <ClInclude Include="01_WindowsApp.h">
      <Filter>OS</Filter>
    </ClInclude>
    <ClInclude Include="Resource.h">
      <Filter>OS</Filter>
    </ClInclude>
    <ClInclude Include="pch.h">
      <Filter>OS</Filter>
    </ClInclude>
  </ItemGroup>
  <ItemGroup>
    <Image Include="small.ico">
      <Filter>OS</Filter>
    </Image>
    <Image Include="01_WindowsApp.ico">
      <Filter>OS</Filter>
    </Image>
  </ItemGroup>
  <ItemGroup>
    <None Include=".clang-format" />
  </ItemGroup>
  <ItemGroup>
    <Filter Include="imgui">
      <UniqueIdentifier>{a04e0a1f-ee0f-4f09-abc9-d5f14fa316e7}</UniqueIdentifier>
    </Filter>
    <Filter Include="OS">
      <UniqueIdentifier>{2681985e-ca7f-4468-ae45-f4e47713481f}</UniqueIdentifier>
    </Filter>
    <Filter Include="camera">
      <UniqueIdentifier>{a3495853-d380-4053-b93c-51de89e5ac6a}</UniqueIdentifier>
    </Filter>
    <Filter Include="graphics">
      <UniqueIdentifier>{db990f44-ec24-4bde-b99e-157ea11ccbc0}</UniqueIdentifier>
    </Filter>
    <Filter Include="shaders">
      <UniqueIdentifier>{06fa3689-dc64-4e90-933f-53fbb24bcd60}</UniqueIdentifier>
    </Filter>
    <Filter Include="renderables">
      <UniqueIdentifier>{2221f687-7743-4646-998a-593853f1ce56}</UniqueIdentifier>
    </Filter>
  </ItemGroup>
  <ItemGroup>
    <ResourceCompile Include="01_WindowsApp.rc">
      <Filter>OS</Filter>
    </ResourceCompile>
  </ItemGroup>
  <ItemGroup>
    <Text Include="CombinedShader.hlsl">
      <Filter>shaders</Filter>
    </Text>
  </ItemGroup>
</Project>