<?xml version="1.0" encoding="utf-8"?>
<Project ToolsVersion="4.0" xmlns="http://schemas.microsoft.com/developer/msbuild/2003">
  <ItemGroup>
    <ClCompile Include="06_Cleanup.cpp" />
    <ClCompile Include="Cube.cpp">
      <Filter>renderables</Filter>
    </ClCompile>
    <ClCompile Include="Grid.cpp">
      <Filter>renderables</Filter>
    </ClCompile>
    <ClCompile Include="OrbitCamera.cpp">
      <Filter>camera</Filter>
    </ClCompile>
    <ClCompile Include="Renderable.cpp">
      <Filter>renderables</Filter>
    </ClCompile>
    <ClCompile Include="GraphicsDX11.cpp">
      <Filter>graphics</Filter>
    </ClCompile>
    <ClCompile Include="ResourceManager.cpp">
      <Filter>graphics</Filter>
    </ClCompile>
    <ClCompile Include="Shader.cpp">
      <Filter>graphics</Filter>
    </ClCompile>
    <ClCompile Include="pch.cpp">
      <Filter>OS - resources</Filter>
    </ClCompile>
    <ClCompile Include="UserInterface.cpp">
      <Filter>ui</Filter>
    </ClCompile>
    <ClCompile Include="Mesh.cpp">
      <Filter>renderables</Filter>
    </ClCompile>
  </ItemGroup>
  <ItemGroup>
    <ClInclude Include="Cube.h">
      <Filter>renderables</Filter>
    </ClInclude>
    <ClInclude Include="Grid.h">
      <Filter>renderables</Filter>
    </ClInclude>
    <ClInclude Include="OrbitCamera.h">
      <Filter>camera</Filter>
    </ClInclude>
    <ClInclude Include="Renderable.h">
      <Filter>renderables</Filter>
    </ClInclude>
    <ClInclude Include="GraphicsDX11.h">
      <Filter>graphics</Filter>
    </ClInclude>
    <ClInclude Include="ResourceManager.h">
      <Filter>graphics</Filter>
    </ClInclude>
    <ClInclude Include="Shader.h">
      <Filter>graphics</Filter>
    </ClInclude>
    <ClInclude Include="targetver.h">
      <Filter>OS - resources</Filter>
    </ClInclude>
    <ClInclude Include="01_WindowsApp.h">
      <Filter>OS - resources</Filter>
    </ClInclude>
    <ClInclude Include="Resource.h">
      <Filter>OS - resources</Filter>
    </ClInclude>
    <ClInclude Include="pch.h">
      <Filter>OS - resources</Filter>
    </ClInclude>
    <ClInclude Include="mathutils.h">
      <Filter>utils</Filter>
    </ClInclude>
    <ClInclude Include="utils.h">
      <Filter>utils</Filter>
    </ClInclude>
    <ClInclude Include="framework.h">
      <Filter>utils</Filter>
    </ClInclude>
    <ClInclude Include="UserInterface.h">
      <Filter>ui</Filter>
    </ClInclude>
    <ClInclude Include="Game.h">
      <Filter>data</Filter>
    </ClInclude>
    <ClInclude Include="Mesh.h">
      <Filter>renderables</Filter>
    </ClInclude>
  </ItemGroup>
  <ItemGroup>
    <Image Include="small.ico">
      <Filter>OS - resources</Filter>
    </Image>
    <Image Include="01_WindowsApp.ico">
      <Filter>OS - resources</Filter>
    </Image>
  </ItemGroup>
  <ItemGroup>
    <None Include=".clang-format" />
  </ItemGroup>
  <ItemGroup>
    <Filter Include="camera">
      <UniqueIdentifier>{a3495853-d380-4053-b93c-51de89e5ac6a}</UniqueIdentifier>
    </Filter>
    <Filter Include="graphics">
      <UniqueIdentifier>{db990f44-ec24-4bde-b99e-157ea11ccbc0}</UniqueIdentifier>
    </Filter>
    <Filter Include="shaders">
      <UniqueIdentifier>{06fa3689-dc64-4e90-933f-53fbb24bcd60}</UniqueIdentifier>
    </Filter>
    <Filter Include="renderables">
      <UniqueIdentifier>{2221f687-7743-4646-998a-593853f1ce56}</UniqueIdentifier>
    </Filter>
    <Filter Include="OS - resources">
      <UniqueIdentifier>{2681985e-ca7f-4468-ae45-f4e47713481f}</UniqueIdentifier>
    </Filter>
    <Filter Include="utils">
      <UniqueIdentifier>{e89a7629-d0bf-4aff-a684-a392547cc22f}</UniqueIdentifier>
    </Filter>
    <Filter Include="ui">
      <UniqueIdentifier>{d40fb533-f1d4-4bee-9232-201344cf2bc9}</UniqueIdentifier>
    </Filter>
    <Filter Include="data">
      <UniqueIdentifier>{bc7a732a-3e7c-4d1b-b841-c96971a5059c}</UniqueIdentifier>
    </Filter>
    <Filter Include="assets">
      <UniqueIdentifier>{98bd1805-b522-432e-b82e-ec5b77434ebe}</UniqueIdentifier>
    </Filter>
  </ItemGroup>
  <ItemGroup>
    <ResourceCompile Include="01_WindowsApp.rc">
      <Filter>OS - resources</Filter>
    </ResourceCompile>
  </ItemGroup>
  <ItemGroup>
    <CopyFileToFolders Include="..\raw\blend\gizmoxyz.fbx">
      <Filter>assets</Filter>
    </CopyFileToFolders>
    <CopyFileToFolders Include="CombinedShader.hlsl">
      <Filter>shaders</Filter>
    </CopyFileToFolders>
  </ItemGroup>
</Project>